
Microsoft Visual Studio Solution File, Format Version 12.00
# Visual Studio Version 17
VisualStudioVersion = 17.14.37411.7 d17.14
MinimumVisualStudioVersion = 10.0.40219.1
Project("{FAE04EC0-301F-11D3-BF4B-00C04F79EFBC}") = "Assessment 2", "Assessment 2.csproj", "{7B3845C4-AF56-4A5D-8215-71D722209C8C}"
EndProject
Global
	GlobalSection(SolutionConfigurationPlatforms) = preSolution
		Debug|Any CPU = Debug|Any CPU
		Release|Any CPU = Release|Any CPU
	EndGlobalSection
	GlobalSection(ProjectConfigurationPlatforms) = postSolution
		{7B3845C4-AF56-4A5D-8215-71D722209C8C}.Debug|Any CPU.ActiveCfg = Debug|Any CPU
		{7B3845C4-AF56-4A5D-8215-71D722209C8C}.Debug|Any CPU.Build.0 = Debug|Any CPU
		{7B3845C4-AF56-4A5D-8215-71D722209C8C}.Release|Any CPU.ActiveCfg = Release|Any CPU
		{7B3845C4-AF56-4A5D-8215-71D722209C8C}.Release|Any CPU.Build.0 = Release|Any CPU
	EndGlobalSection
	GlobalSection(SolutionProperties) = preSolution
		HideSolutionNode = FALSE
	EndGlobalSection
	GlobalSection(ExtensibilityGlobals) = postSolution
		SolutionGuid = {8E85B0FE-B791-48C3-8267-3F7FD4848C72}
	EndGlobalSection
EndGlobal
